
Microsoft Visual Studio Solution File, Format Version 12.00
# Visual Studio Version 17
VisualStudioVersion = 17.0.31903.59
MinimumVisualStudioVersion = 10.0.40219.1
EndProject
Project("{FAE04EC0-301F-11D3-BF4B-00C04F79EFBC}") = "REB.Engine", "REB.Engine\REB.Engine.csproj", "{05198B31-CC48-4C2D-8C7E-86E3D1C5E092}"
EndProject
Project("{FAE04EC0-301F-11D3-BF4B-00C04F79EFBC}") = "FNA.Core", "..\FNA\FNA.Core.csproj", "{0089A0CE-F6C4-471D-AEF1-9F521A7AD189}"
EndProject
Project("{FAE04EC0-301F-11D3-BF4B-00C04F79EFBC}") = "FNA.NetFramework", "..\FNA\FNA.NetFramework.csproj", "{790A971E-2866-4F3C-AB60-CEBB32D1D499}"
EndProject
Project("{FAE04EC0-301F-11D3-BF4B-00C04F79EFBC}") = "REB.Game", "REB.Game\REB.Game.csproj", "{3797D5A5-F934-47C9-BA67-5AD88F34A9A5}"
EndProject
Project("{FAE04EC0-301F-11D3-BF4B-00C04F79EFBC}") = "REB.Tests", "REB.Tests\REB.Tests.csproj", "{86306E69-C834-49BC-B706-0C84C0E19D5C}"
EndProject
Global
	GlobalSection(SolutionConfigurationPlatforms) = preSolution
		Debug|Any CPU = Debug|Any CPU
		Debug|x64 = Debug|x64
		Debug|x86 = Debug|x86
		Release|Any CPU = Release|Any CPU
		Release|x64 = Release|x64
		Release|x86 = Release|x86
	EndGlobalSection
	GlobalSection(ProjectConfigurationPlatforms) = postSolution
		{05198B31-CC48-4C2D-8C7E-86E3D1C5E092}.Debug|Any CPU.ActiveCfg = Debug|Any CPU
		{05198B31-CC48-4C2D-8C7E-86E3D1C5E092}.Debug|Any CPU.Build.0 = Debug|Any CPU
		{05198B31-CC48-4C2D-8C7E-86E3D1C5E092}.Debug|x64.ActiveCfg = Debug|Any CPU
		{05198B31-CC48-4C2D-8C7E-86E3D1C5E092}.Debug|x64.Build.0 = Debug|Any CPU
		{05198B31-CC48-4C2D-8C7E-86E3D1C5E092}.Debug|x86.ActiveCfg = Debug|Any CPU
		{05198B31-CC48-4C2D-8C7E-86E3D1C5E092}.Debug|x86.Build.0 = Debug|Any CPU
		{05198B31-CC48-4C2D-8C7E-86E3D1C5E092}.Release|Any CPU.ActiveCfg = Release|Any CPU
		{05198B31-CC48-4C2D-8C7E-86E3D1C5E092}.Release|Any CPU.Build.0 = Release|Any CPU
		{05198B31-CC48-4C2D-8C7E-86E3D1C5E092}.Release|x64.ActiveCfg = Release|Any CPU
		{05198B31-CC48-4C2D-8C7E-86E3D1C5E092}.Release|x64.Build.0 = Release|Any CPU
		{05198B31-CC48-4C2D-8C7E-86E3D1C5E092}.Release|x86.ActiveCfg = Release|Any CPU
		{05198B31-CC48-4C2D-8C7E-86E3D1C5E092}.Release|x86.Build.0 = Release|Any CPU
		{8505FCE1-6CE3-4EB8-98EF-A9FA7340DAD9}.Debug|Any CPU.ActiveCfg = Debug|Any CPU
		{8505FCE1-6CE3-4EB8-98EF-A9FA7340DAD9}.Debug|Any CPU.Build.0 = Debug|Any CPU
		{8505FCE1-6CE3-4EB8-98EF-A9FA7340DAD9}.Debug|x64.ActiveCfg = Debug|Any CPU
		{8505FCE1-6CE3-4EB8-98EF-A9FA7340DAD9}.Debug|x64.Build.0 = Debug|Any CPU
		{8505FCE1-6CE3-4EB8-98EF-A9FA7340DAD9}.Debug|x86.ActiveCfg = Debug|Any CPU
		{8505FCE1-6CE3-4EB8-98EF-A9FA7340DAD9}.Debug|x86.Build.0 = Debug|Any CPU
		{8505FCE1-6CE3-4EB8-98EF-A9FA7340DAD9}.Release|Any CPU.ActiveCfg = Release|Any CPU
		{8505FCE1-6CE3-4EB8-98EF-A9FA7340DAD9}.Release|Any CPU.Build.0 = Release|Any CPU
		{8505FCE1-6CE3-4EB8-98EF-A9FA7340DAD9}.Release|x64.ActiveCfg = Release|Any CPU
		{8505FCE1-6CE3-4EB8-98EF-A9FA7340DAD9}.Release|x64.Build.0 = Release|Any CPU
		{8505FCE1-6CE3-4EB8-98EF-A9FA7340DAD9}.Release|x86.ActiveCfg = Release|Any CPU
		{8505FCE1-6CE3-4EB8-98EF-A9FA7340DAD9}.Release|x86.Build.0 = Release|Any CPU
		{3797D5A5-F934-47C9-BA67-5AD88F34A9A5}.Debug|Any CPU.ActiveCfg = Debug|Any CPU
		{3797D5A5-F934-47C9-BA67-5AD88F34A9A5}.Debug|Any CPU.Build.0 = Debug|Any CPU
		{3797D5A5-F934-47C9-BA67-5AD88F34A9A5}.Debug|x64.ActiveCfg = Debug|Any CPU
		{3797D5A5-F934-47C9-BA67-5AD88F34A9A5}.Debug|x64.Build.0 = Debug|Any CPU
		{3797D5A5-F934-47C9-BA67-5AD88F34A9A5}.Debug|x86.ActiveCfg = Debug|Any CPU
		{3797D5A5-F934-47C9-BA67-5AD88F34A9A5}.Debug|x86.Build.0 = Debug|Any CPU
		{3797D5A5-F934-47C9-BA67-5AD88F34A9A5}.Release|Any CPU.ActiveCfg = Release|Any CPU
		{3797D5A5-F934-47C9-BA67-5AD88F34A9A5}.Release|Any CPU.Build.0 = Release|Any CPU
		{3797D5A5-F934-47C9-BA67-5AD88F34A9A5}.Release|x64.ActiveCfg = Release|Any CPU
		{3797D5A5-F934-47C9-BA67-5AD88F34A9A5}.Release|x64.Build.0 = Release|Any CPU
		{3797D5A5-F934-47C9-BA67-5AD88F34A9A5}.Release|x86.ActiveCfg = Release|Any CPU
		{3797D5A5-F934-47C9-BA67-5AD88F34A9A5}.Release|x86.Build.0 = Release|Any CPU
		{86306E69-C834-49BC-B706-0C84C0E19D5C}.Debug|Any CPU.ActiveCfg = Debug|Any CPU
		{86306E69-C834-49BC-B706-0C84C0E19D5C}.Debug|Any CPU.Build.0 = Debug|Any CPU
		{86306E69-C834-49BC-B706-0C84C0E19D5C}.Debug|x64.ActiveCfg = Debug|Any CPU
		{86306E69-C834-49BC-B706-0C84C0E19D5C}.Debug|x64.Build.0 = Debug|Any CPU
		{86306E69-C834-49BC-B706-0C84C0E19D5C}.Debug|x86.ActiveCfg = Debug|Any CPU
		{86306E69-C834-49BC-B706-0C84C0E19D5C}.Debug|x86.Build.0 = Debug|Any CPU
		{86306E69-C834-49BC-B706-0C84C0E19D5C}.Release|Any CPU.ActiveCfg = Release|Any CPU
		{86306E69-C834-49BC-B706-0C84C0E19D5C}.Release|Any CPU.Build.0 = Release|Any CPU
		{86306E69-C834-49BC-B706-0C84C0E19D5C}.Release|x64.ActiveCfg = Release|Any CPU
		{86306E69-C834-49BC-B706-0C84C0E19D5C}.Release|x64.Build.0 = Release|Any CPU
		{86306E69-C834-49BC-B706-0C84C0E19D5C}.Release|x86.ActiveCfg = Release|Any CPU
		{86306E69-C834-49BC-B706-0C84C0E19D5C}.Release|x86.Build.0 = Release|Any CPU
	EndGlobalSection
	GlobalSection(SolutionProperties) = preSolution
		HideSolutionNode = FALSE
	EndGlobalSection
EndGlobal
